// !$*UTF8*$!
{
	archiveVersion = 1;
	classes = {
	};
	objectVersion = 56;
	objects = {

/* Begin PBXBuildFile section */
		C7C7E2E42A83C76100D0D827 /* AppDelegate.swift in Sources */ = {isa = PBXBuildFile; fileRef = C7C7E2E32A83C76100D0D827 /* AppDelegate.swift */; };
		C7C7E2E62A83C76100D0D827 /* SceneDelegate.swift in Sources */ = {isa = PBXBuildFile; fileRef = C7C7E2E52A83C76100D0D827 /* SceneDelegate.swift */; };
		C7C7E2E82A83C76100D0D827 /* ViewController.swift in Sources */ = {isa = PBXBuildFile; fileRef = C7C7E2E72A83C76100D0D827 /* ViewController.swift */; };
		C7C7E2EB2A83C76100D0D827 /* Main.storyboard in Resources */ = {isa = PBXBuildFile; fileRef = C7C7E2E92A83C76100D0D827 /* Main.storyboard */; };
		C7C7E2ED2A83C76100D0D827 /* Assets.xcassets in Resources */ = {isa = PBXBuildFile; fileRef = C7C7E2EC2A83C76100D0D827 /* Assets.xcassets */; };
		C7C7E2F02A83C76100D0D827 /* LaunchScreen.storyboard in Resources */ = {isa = PBXBuildFile; fileRef = C7C7E2EE2A83C76100D0D827 /* LaunchScreen.storyboard */; };
		C7C7E2F82A83C76C00D0D827 /* Presenter.swift in Sources */ = {isa = PBXBuildFile; fileRef = C7C7E2F72A83C76C00D0D827 /* Presenter.swift */; };
		C7C7E2FA2A83C77100D0D827 /* Model.swift in Sources */ = {isa = PBXBuildFile; fileRef = C7C7E2F92A83C77100D0D827 /* Model.swift */; };
		C7C7E2FC2A83C7AC00D0D827 /* CalculatorView.swift in Sources */ = {isa = PBXBuildFile; fileRef = C7C7E2FB2A83C7AC00D0D827 /* CalculatorView.swift */; };
/* End PBXBuildFile section */

/* Begin PBXFileReference section */
		C7C7E2E02A83C76100D0D827 /* UIKitMVP.app */ = {isa = PBXFileReference; explicitFileType = wrapper.application; includeInIndex = 0; path = UIKitMVP.app; sourceTree = BUILT_PRODUCTS_DIR; };
		C7C7E2E32A83C76100D0D827 /* AppDelegate.swift */ = {isa = PBXFileReference; lastKnownFileType = sourcecode.swift; path = AppDelegate.swift; sourceTree = "<group>"; };
		C7C7E2E52A83C76100D0D827 /* SceneDelegate.swift */ = {isa = PBXFileReference; lastKnownFileType = sourcecode.swift; path = SceneDelegate.swift; sourceTree = "<group>"; };
		C7C7E2E72A83C76100D0D827 /* ViewController.swift */ = {isa = PBXFileReference; lastKnownFileType = sourcecode.swift; path = ViewController.swift; sourceTree = "<group>"; };
		C7C7E2EA2A83C76100D0D827 /* Base */ = {isa = PBXFileReference; lastKnownFileType = file.storyboard; name = Base; path = Base.lproj/Main.storyboard; sourceTree = "<group>"; };
		C7C7E2EC2A83C76100D0D827 /* Assets.xcassets */ = {isa = PBXFileReference; lastKnownFileType = folder.assetcatalog; path = Assets.xcassets; sourceTree = "<group>"; };
		C7C7E2EF2A83C76100D0D827 /* Base */ = {isa = PBXFileReference; lastKnownFileType = file.storyboard; name = Base; path = Base.lproj/LaunchScreen.storyboard; sourceTree = "<group>"; };
		C7C7E2F12A83C76100D0D827 /* Info.plist */ = {isa = PBXFileReference; lastKnownFileType = text.plist.xml; path = Info.plist; sourceTree = "<group>"; };
		C7C7E2F72A83C76C00D0D827 /* Presenter.swift */ = {isa = PBXFileReference; lastKnownFileType = sourcecode.swift; path = Presenter.swift; sourceTree = "<group>"; };
		C7C7E2F92A83C77100D0D827 /* Model.swift */ = {isa = PBXFileReference; lastKnownFileType = sourcecode.swift; path = Model.swift; sourceTree = "<group>"; };
		C7C7E2FB2A83C7AC00D0D827 /* CalculatorView.swift */ = {isa = PBXFileReference; lastKnownFileType = sourcecode.swift; path = CalculatorView.swift; sourceTree = "<group>"; };
/* End PBXFileReference section */

/* Begin PBXFrameworksBuildPhase section */
		C7C7E2DD2A83C76100D0D827 /* Frameworks */ = {
			isa = PBXFrameworksBuildPhase;
			buildActionMask = 2147483647;
			files = (
			);
			runOnlyForDeploymentPostprocessing = 0;
		};
/* End PBXFrameworksBuildPhase section */

/* Begin PBXGroup section */
		C7C7E2D72A83C76100D0D827 = {
			isa = PBXGroup;
			children = (
				C7C7E2E22A83C76100D0D827 /* UIKitMVP */,
				C7C7E2E12A83C76100D0D827 /* Products */,
			);
			sourceTree = "<group>";
		};
		C7C7E2E12A83C76100D0D827 /* Products */ = {
			isa = PBXGroup;
			children = (
				C7C7E2E02A83C76100D0D827 /* UIKitMVP.app */,
			);
			name = Products;
			sourceTree = "<group>";
		};
		C7C7E2E22A83C76100D0D827 /* UIKitMVP */ = {
			isa = PBXGroup;
			children = (
				C7C7E2E32A83C76100D0D827 /* AppDelegate.swift */,
				C7C7E2E52A83C76100D0D827 /* SceneDelegate.swift */,
				C7C7E2E72A83C76100D0D827 /* ViewController.swift */,
				C7C7E2F72A83C76C00D0D827 /* Presenter.swift */,
				C7C7E2FB2A83C7AC00D0D827 /* CalculatorView.swift */,
				C7C7E2F92A83C77100D0D827 /* Model.swift */,
				C7C7E2E92A83C76100D0D827 /* Main.storyboard */,
				C7C7E2EC2A83C76100D0D827 /* Assets.xcassets */,
				C7C7E2EE2A83C76100D0D827 /* LaunchScreen.storyboard */,
				C7C7E2F12A83C76100D0D827 /* Info.plist */,
			);
			path = UIKitMVP;
			sourceTree = "<group>";
		};
/* End PBXGroup section */

/* Begin PBXNativeTarget section */
		C7C7E2DF2A83C76100D0D827 /* UIKitMVP */ = {
			isa = PBXNativeTarget;
			buildConfigurationList = C7C7E2F42A83C76100D0D827 /* Build configuration list for PBXNativeTarget "UIKitMVP" */;
			buildPhases = (
				C7C7E2DC2A83C76100D0D827 /* Sources */,
				C7C7E2DD2A83C76100D0D827 /* Frameworks */,
				C7C7E2DE2A83C76100D0D827 /* Resources */,
			);
			buildRules = (
			);
			dependencies = (
			);
			name = UIKitMVP;
			productName = UIKitMVP;
			productReference = C7C7E2E02A83C76100D0D827 /* UIKitMVP.app */;
			productType = "com.apple.product-type.application";
		};
/* End PBXNativeTarget section */

/* Begin PBXProject section */
		C7C7E2D82A83C76100D0D827 /* Project object */ = {
			isa = PBXProject;
			attributes = {
				BuildIndependentTargetsInParallel = 1;
				LastSwiftUpdateCheck = 1430;
				LastUpgradeCheck = 1430;
				TargetAttributes = {
					C7C7E2DF2A83C76100D0D827 = {
						CreatedOnToolsVersion = 14.3.1;
					};
				};
			};
			buildConfigurationList = C7C7E2DB2A83C76100D0D827 /* Build configuration list for PBXProject "UIKitMVP" */;
			compatibilityVersion = "Xcode 14.0";
			developmentRegion = en;
			hasScannedForEncodings = 0;
			knownRegions = (
				en,
				Base,
			);
			mainGroup = C7C7E2D72A83C76100D0D827;
			productRefGroup = C7C7E2E12A83C76100D0D827 /* Products */;
			projectDirPath = "";
			projectRoot = "";
			targets = (
				C7C7E2DF2A83C76100D0D827 /* UIKitMVP */,
			);
		};
/* End PBXProject section */

/* Begin PBXResourcesBuildPhase section */
		C7C7E2DE2A83C76100D0D827 /* Resources */ = {
			isa = PBXResourcesBuildPhase;
			buildActionMask = 2147483647;
			files = (
				C7C7E2F02A83C76100D0D827 /* LaunchScreen.storyboard in Resources */,
				C7C7E2ED2A83C76100D0D827 /* Assets.xcassets in Resources */,
				C7C7E2EB2A83C76100D0D827 /* Main.storyboard in Resources */,
			);
			runOnlyForDeploymentPostprocessing = 0;
		};
/* End PBXResourcesBuildPhase section */

/* Begin PBXSourcesBuildPhase section */
		C7C7E2DC2A83C76100D0D827 /* Sources */ = {
			isa = PBXSourcesBuildPhase;
			buildActionMask = 2147483647;
			files = (
				C7C7E2FA2A83C77100D0D827 /* Model.swift in Sources */,
				C7C7E2E82A83C76100D0D827 /* ViewController.swift in Sources */,
				C7C7E2E42A83C76100D0D827 /* AppDelegate.swift in Sources */,
				C7C7E2F82A83C76C00D0D827 /* Presenter.swift in Sources */,
				C7C7E2FC2A83C7AC00D0D827 /* CalculatorView.swift in Sources */,
				C7C7E2E62A83C76100D0D827 /* SceneDelegate.swift in Sources */,
			);
			runOnlyForDeploymentPostprocessing = 0;
		};
/* End PBXSourcesBuildPhase section */

/* Begin PBXVariantGroup section */
		C7C7E2E92A83C76100D0D827 /* Main.storyboard */ = {
			isa = PBXVariantGroup;
			children = (
				C7C7E2EA2A83C76100D0D827 /* Base */,
			);
			name = Main.storyboard;
			sourceTree = "<group>";
		};
		C7C7E2EE2A83C76100D0D827 /* LaunchScreen.storyboard */ = {
			isa = PBXVariantGroup;
			children = (
				C7C7E2EF2A83C76100D0D827 /* Base */,
			);
			name = LaunchScreen.storyboard;
			sourceTree = "<group>";
		};
/* End PBXVariantGroup section */

/* Begin XCBuildConfiguration section */
		C7C7E2F22A83C76100D0D827 /* Debug */ = {
			isa = XCBuildConfiguration;
			buildSettings = {
				ALWAYS_SEARCH_USER_PATHS = NO;
				CLANG_ANALYZER_NONNULL = YES;
				CLANG_ANALYZER_NUMBER_OBJECT_CONVERSION = YES_AGGRESSIVE;
				CLANG_CXX_LANGUAGE_STANDARD = "gnu++20";
				CLANG_ENABLE_MODULES = YES;
				CLANG_ENABLE_OBJC_ARC = YES;
				CLANG_ENABLE_OBJC_WEAK = YES;
				CLANG_WARN_BLOCK_CAPTURE_AUTORELEASING = YES;
				CLANG_WARN_BOOL_CONVERSION = YES;
				CLANG_WARN_COMMA = YES;
				CLANG_WARN_CONSTANT_CONVERSION = YES;
				CLANG_WARN_DEPRECATED_OBJC_IMPLEMENTATIONS = YES;
				CLANG_WARN_DIRECT_OBJC_ISA_USAGE = YES_ERROR;
				CLANG_WARN_DOCUMENTATION_COMMENTS = YES;
				CLANG_WARN_EMPTY_BODY = YES;
				CLANG_WARN_ENUM_CONVERSION = YES;
				CLANG_WARN_INFINITE_RECURSION = YES;
				CLANG_WARN_INT_CONVERSION = YES;
				CLANG_WARN_NON_LITERAL_NULL_CONVERSION = YES;
				CLANG_WARN_OBJC_IMPLICIT_RETAIN_SELF = YES;
				CLANG_WARN_OBJC_LITERAL_CONVERSION = YES;
				CLANG_WARN_OBJC_ROOT_CLASS = YES_ERROR;
				CLANG_WARN_QUOTED_INCLUDE_IN_FRAMEWORK_HEADER = YES;
				CLANG_WARN_RANGE_LOOP_ANALYSIS = YES;
				CLANG_WARN_STRICT_PROTOTYPES = YES;
				CLANG_WARN_SUSPICIOUS_MOVE = YES;
				CLANG_WARN_UNGUARDED_AVAILABILITY = YES_AGGRESSIVE;
				CLANG_WARN_UNREACHABLE_CODE = YES;
				CLANG_WARN__DUPLICATE_METHOD_MATCH = YES;
				COPY_PHASE_STRIP = NO;
				DEBUG_INFORMATION_FORMAT = dwarf;
				ENABLE_STRICT_OBJC_MSGSEND = YES;
				ENABLE_TESTABILITY = YES;
				GCC_C_LANGUAGE_STANDARD = gnu11;
				GCC_DYNAMIC_NO_PIC = NO;
				GCC_NO_COMMON_BLOCKS = YES;
				GCC_OPTIMIZATION_LEVEL = 0;
				GCC_PREPROCESSOR_DEFINITIONS = (
					"DEBUG=1",
					"$(inherited)",
				);
				GCC_WARN_64_TO_32_BIT_CONVERSION = YES;
				GCC_WARN_ABOUT_RETURN_TYPE = YES_ERROR;
				GCC_WARN_UNDECLARED_SELECTOR = YES;
				GCC_WARN_UNINITIALIZED_AUTOS = YES_AGGRESSIVE;
				GCC_WARN_UNUSED_FUNCTION = YES;
				GCC_WARN_UNUSED_VARIABLE = YES;
				IPHONEOS_DEPLOYMENT_TARGET = 16.4;
				MTL_ENABLE_DEBUG_INFO = INCLUDE_SOURCE;
				MTL_FAST_MATH = YES;
				ONLY_ACTIVE_ARCH = YES;
				SDKROOT = iphoneos;
				SWIFT_ACTIVE_COMPILATION_CONDITIONS = DEBUG;
				SWIFT_OPTIMIZATION_LEVEL = "-Onone";
			};
			name = Debug;
		};
		C7C7E2F32A83C76100D0D827 /* Release */ = {
			isa = XCBuildConfiguration;
			buildSettings = {
				ALWAYS_SEARCH_USER_PATHS = NO;
				CLANG_ANALYZER_NONNULL = YES;
				CLANG_ANALYZER_NUMBER_OBJECT_CONVERSION = YES_AGGRESSIVE;
				CLANG_CXX_LANGUAGE_STANDARD = "gnu++20";
				CLANG_ENABLE_MODULES = YES;
				CLANG_ENABLE_OBJC_ARC = YES;
				CLANG_ENABLE_OBJC_WEAK = YES;
				CLANG_WARN_BLOCK_CAPTURE_AUTORELEASING = YES;
				CLANG_WARN_BOOL_CONVERSION = YES;
				CLANG_WARN_COMMA = YES;
				CLANG_WARN_CONSTANT_CONVERSION = YES;
				CLANG_WARN_DEPRECATED_OBJC_IMPLEMENTATIONS = YES;
				CLANG_WARN_DIRECT_OBJC_ISA_USAGE = YES_ERROR;
				CLANG_WARN_DOCUMENTATION_COMMENTS = YES;
				CLANG_WARN_EMPTY_BODY = YES;
				CLANG_WARN_ENUM_CONVERSION = YES;
				CLANG_WARN_INFINITE_RECURSION = YES;
				CLANG_WARN_INT_CONVERSION = YES;
				CLANG_WARN_NON_LITERAL_NULL_CONVERSION = YES;
				CLANG_WARN_OBJC_IMPLICIT_RETAIN_SELF = YES;
				CLANG_WARN_OBJC_LITERAL_CONVERSION = YES;
				CLANG_WARN_OBJC_ROOT_CLASS = YES_ERROR;
				CLANG_WARN_QUOTED_INCLUDE_IN_FRAMEWORK_HEADER = YES;
				CLANG_WARN_RANGE_LOOP_ANALYSIS = YES;
				CLANG_WARN_STRICT_PROTOTYPES = YES;
				CLANG_WARN_SUSPICIOUS_MOVE = YES;
				CLANG_WARN_UNGUARDED_AVAILABILITY = YES_AGGRESSIVE;
				CLANG_WARN_UNREACHABLE_CODE = YES;
				CLANG_WARN__DUPLICATE_METHOD_MATCH = YES;
				COPY_PHASE_STRIP = NO;
				DEBUG_INFORMATION_FORMAT = "dwarf-with-dsym";
				ENABLE_NS_ASSERTIONS = NO;
				ENABLE_STRICT_OBJC_MSGSEND = YES;
				GCC_C_LANGUAGE_STANDARD = gnu11;
				GCC_NO_COMMON_BLOCKS = YES;
				GCC_WARN_64_TO_32_BIT_CONVERSION = YES;
				GCC_WARN_ABOUT_RETURN_TYPE = YES_ERROR;
				GCC_WARN_UNDECLARED_SELECTOR = YES;
				GCC_WARN_UNINITIALIZED_AUTOS = YES_AGGRESSIVE;
				GCC_WARN_UNUSED_FUNCTION = YES;
				GCC_WARN_UNUSED_VARIABLE = YES;
				IPHONEOS_DEPLOYMENT_TARGET = 16.4;
				MTL_ENABLE_DEBUG_INFO = NO;
				MTL_FAST_MATH = YES;
				SDKROOT = iphoneos;
				SWIFT_COMPILATION_MODE = wholemodule;
				SWIFT_OPTIMIZATION_LEVEL = "-O";
				VALIDATE_PRODUCT = YES;
			};
			name = Release;
		};
		C7C7E2F52A83C76100D0D827 /* Debug */ = {
			isa = XCBuildConfiguration;
			buildSettings = {
				ASSETCATALOG_COMPILER_APPICON_NAME = AppIcon;
				ASSETCATALOG_COMPILER_GLOBAL_ACCENT_COLOR_NAME = AccentColor;
				CODE_SIGN_STYLE = Automatic;
				CURRENT_PROJECT_VERSION = 1;
				GENERATE_INFOPLIST_FILE = YES;
				INFOPLIST_FILE = UIKitMVP/Info.plist;
				INFOPLIST_KEY_UIApplicationSupportsIndirectInputEvents = YES;
				INFOPLIST_KEY_UILaunchStoryboardName = LaunchScreen;
				INFOPLIST_KEY_UIMainStoryboardFile = Main;
				INFOPLIST_KEY_UISupportedInterfaceOrientations_iPad = "UIInterfaceOrientationPortrait UIInterfaceOrientationPortraitUpsideDown UIInterfaceOrientationLandscapeLeft UIInterfaceOrientationLandscapeRight";
				INFOPLIST_KEY_UISupportedInterfaceOrientations_iPhone = "UIInterfaceOrientationPortrait UIInterfaceOrientationLandscapeLeft UIInterfaceOrientationLandscapeRight";
				LD_RUNPATH_SEARCH_PATHS = (
					"$(inherited)",
					"@executable_path/Frameworks",
				);
				MARKETING_VERSION = 1.0;
				PRODUCT_BUNDLE_IDENTIFIER = "kr.yagom-academy.UIKitMVP";
				PRODUCT_NAME = "$(TARGET_NAME)";
				SWIFT_EMIT_LOC_STRINGS = YES;
				SWIFT_VERSION = 5.0;
				TARGETED_DEVICE_FAMILY = "1,2";
			};
			name = Debug;
		};
		C7C7E2F62A83C76100D0D827 /* Release */ = {
			isa = XCBuildConfiguration;
			buildSettings = {
				ASSETCATALOG_COMPILER_APPICON_NAME = AppIcon;
				ASSETCATALOG_COMPILER_GLOBAL_ACCENT_COLOR_NAME = AccentColor;
				CODE_SIGN_STYLE = Automatic;
				CURRENT_PROJECT_VERSION = 1;
				GENERATE_INFOPLIST_FILE = YES;
				INFOPLIST_FILE = UIKitMVP/Info.plist;
				INFOPLIST_KEY_UIApplicationSupportsIndirectInputEvents = YES;
				INFOPLIST_KEY_UILaunchStoryboardName = LaunchScreen;
				INFOPLIST_KEY_UIMainStoryboardFile = Main;
				INFOPLIST_KEY_UISupportedInterfaceOrientations_iPad = "UIInterfaceOrientationPortrait UIInterfaceOrientationPortraitUpsideDown UIInterfaceOrientationLandscapeLeft UIInterfaceOrientationLandscapeRight";
				INFOPLIST_KEY_UISupportedInterfaceOrientations_iPhone = "UIInterfaceOrientationPortrait UIInterfaceOrientationLandscapeLeft UIInterfaceOrientationLandscapeRight";
				LD_RUNPATH_SEARCH_PATHS = (
					"$(inherited)",
					"@executable_path/Frameworks",
				);
				MARKETING_VERSION = 1.0;
				PRODUCT_BUNDLE_IDENTIFIER = "kr.yagom-academy.UIKitMVP";
				PRODUCT_NAME = "$(TARGET_NAME)";
				SWIFT_EMIT_LOC_STRINGS = YES;
				SWIFT_VERSION = 5.0;
				TARGETED_DEVICE_FAMILY = "1,2";
			};
			name = Release;
		};
/* End XCBuildConfiguration section */

/* Begin XCConfigurationList section */
		C7C7E2DB2A83C76100D0D827 /* Build configuration list for PBXProject "UIKitMVP" */ = {
			isa = XCConfigurationList;
			buildConfigurations = (
				C7C7E2F22A83C76100D0D827 /* Debug */,
				C7C7E2F32A83C76100D0D827 /* Release */,
			);
			defaultConfigurationIsVisible = 0;
			defaultConfigurationName = Release;
		};
		C7C7E2F42A83C76100D0D827 /* Build configuration list for PBXNativeTarget "UIKitMVP" */ = {
			isa = XCConfigurationList;
			buildConfigurations = (
				C7C7E2F52A83C76100D0D827 /* Debug */,
				C7C7E2F62A83C76100D0D827 /* Release */,
			);
			defaultConfigurationIsVisible = 0;
			defaultConfigurationName = Release;
		};
/* End XCConfigurationList section */
	};
	rootObject = C7C7E2D82A83C76100D0D827 /* Project object */;
}
