// !$*UTF8*$!
{
	archiveVersion = 1;
	classes = {
	};
	objectVersion = 56;
	objects = {

/* Begin PBXBuildFile section */
		D68039AA2A83ABBB005EF3F5 /* swiftUIMVVMPracticeApp.swift in Sources */ = {isa = PBXBuildFile; fileRef = D68039A92A83ABBB005EF3F5 /* swiftUIMVVMPracticeApp.swift */; };
		D68039AC2A83ABBB005EF3F5 /* ContentView.swift in Sources */ = {isa = PBXBuildFile; fileRef = D68039AB2A83ABBB005EF3F5 /* ContentView.swift */; };
		D68039AE2A83ABBC005EF3F5 /* Assets.xcassets in Resources */ = {isa = PBXBuildFile; fileRef = D68039AD2A83ABBC005EF3F5 /* Assets.xcassets */; };
		D68039B12A83ABBC005EF3F5 /* Preview Assets.xcassets in Resources */ = {isa = PBXBuildFile; fileRef = D68039B02A83ABBC005EF3F5 /* Preview Assets.xcassets */; };
		D68039BB2A83ABBC005EF3F5 /* swiftUIMVVMPracticeTests.swift in Sources */ = {isa = PBXBuildFile; fileRef = D68039BA2A83ABBC005EF3F5 /* swiftUIMVVMPracticeTests.swift */; };
		D68039C52A83ABBC005EF3F5 /* swiftUIMVVMPracticeUITests.swift in Sources */ = {isa = PBXBuildFile; fileRef = D68039C42A83ABBC005EF3F5 /* swiftUIMVVMPracticeUITests.swift */; };
		D68039C72A83ABBC005EF3F5 /* swiftUIMVVMPracticeUITestsLaunchTests.swift in Sources */ = {isa = PBXBuildFile; fileRef = D68039C62A83ABBC005EF3F5 /* swiftUIMVVMPracticeUITestsLaunchTests.swift */; };
/* End PBXBuildFile section */

/* Begin PBXContainerItemProxy section */
		D68039B72A83ABBC005EF3F5 /* PBXContainerItemProxy */ = {
			isa = PBXContainerItemProxy;
			containerPortal = D680399E2A83ABBB005EF3F5 /* Project object */;
			proxyType = 1;
			remoteGlobalIDString = D68039A52A83ABBB005EF3F5;
			remoteInfo = swiftUIMVVMPractice;
		};
		D68039C12A83ABBC005EF3F5 /* PBXContainerItemProxy */ = {
			isa = PBXContainerItemProxy;
			containerPortal = D680399E2A83ABBB005EF3F5 /* Project object */;
			proxyType = 1;
			remoteGlobalIDString = D68039A52A83ABBB005EF3F5;
			remoteInfo = swiftUIMVVMPractice;
		};
/* End PBXContainerItemProxy section */

/* Begin PBXFileReference section */
		D68039A62A83ABBB005EF3F5 /* swiftUIMVVMPractice.app */ = {isa = PBXFileReference; explicitFileType = wrapper.application; includeInIndex = 0; path = swiftUIMVVMPractice.app; sourceTree = BUILT_PRODUCTS_DIR; };
		D68039A92A83ABBB005EF3F5 /* swiftUIMVVMPracticeApp.swift */ = {isa = PBXFileReference; lastKnownFileType = sourcecode.swift; path = swiftUIMVVMPracticeApp.swift; sourceTree = "<group>"; };
		D68039AB2A83ABBB005EF3F5 /* ContentView.swift */ = {isa = PBXFileReference; lastKnownFileType = sourcecode.swift; path = ContentView.swift; sourceTree = "<group>"; };
		D68039AD2A83ABBC005EF3F5 /* Assets.xcassets */ = {isa = PBXFileReference; lastKnownFileType = folder.assetcatalog; path = Assets.xcassets; sourceTree = "<group>"; };
		D68039B02A83ABBC005EF3F5 /* Preview Assets.xcassets */ = {isa = PBXFileReference; lastKnownFileType = folder.assetcatalog; path = "Preview Assets.xcassets"; sourceTree = "<group>"; };
		D68039B62A83ABBC005EF3F5 /* swiftUIMVVMPracticeTests.xctest */ = {isa = PBXFileReference; explicitFileType = wrapper.cfbundle; includeInIndex = 0; path = swiftUIMVVMPracticeTests.xctest; sourceTree = BUILT_PRODUCTS_DIR; };
		D68039BA2A83ABBC005EF3F5 /* swiftUIMVVMPracticeTests.swift */ = {isa = PBXFileReference; lastKnownFileType = sourcecode.swift; path = swiftUIMVVMPracticeTests.swift; sourceTree = "<group>"; };
		D68039C02A83ABBC005EF3F5 /* swiftUIMVVMPracticeUITests.xctest */ = {isa = PBXFileReference; explicitFileType = wrapper.cfbundle; includeInIndex = 0; path = swiftUIMVVMPracticeUITests.xctest; sourceTree = BUILT_PRODUCTS_DIR; };
		D68039C42A83ABBC005EF3F5 /* swiftUIMVVMPracticeUITests.swift */ = {isa = PBXFileReference; lastKnownFileType = sourcecode.swift; path = swiftUIMVVMPracticeUITests.swift; sourceTree = "<group>"; };
		D68039C62A83ABBC005EF3F5 /* swiftUIMVVMPracticeUITestsLaunchTests.swift */ = {isa = PBXFileReference; lastKnownFileType = sourcecode.swift; path = swiftUIMVVMPracticeUITestsLaunchTests.swift; sourceTree = "<group>"; };
/* End PBXFileReference section */

/* Begin PBXFrameworksBuildPhase section */
		D68039A32A83ABBB005EF3F5 /* Frameworks */ = {
			isa = PBXFrameworksBuildPhase;
			buildActionMask = 2147483647;
			files = (
			);
			runOnlyForDeploymentPostprocessing = 0;
		};
		D68039B32A83ABBC005EF3F5 /* Frameworks */ = {
			isa = PBXFrameworksBuildPhase;
			buildActionMask = 2147483647;
			files = (
			);
			runOnlyForDeploymentPostprocessing = 0;
		};
		D68039BD2A83ABBC005EF3F5 /* Frameworks */ = {
			isa = PBXFrameworksBuildPhase;
			buildActionMask = 2147483647;
			files = (
			);
			runOnlyForDeploymentPostprocessing = 0;
		};
/* End PBXFrameworksBuildPhase section */

/* Begin PBXGroup section */
		D680399D2A83ABBB005EF3F5 = {
			isa = PBXGroup;
			children = (
				D68039A82A83ABBB005EF3F5 /* swiftUIMVVMPractice */,
				D68039B92A83ABBC005EF3F5 /* swiftUIMVVMPracticeTests */,
				D68039C32A83ABBC005EF3F5 /* swiftUIMVVMPracticeUITests */,
				D68039A72A83ABBB005EF3F5 /* Products */,
			);
			sourceTree = "<group>";
		};
		D68039A72A83ABBB005EF3F5 /* Products */ = {
			isa = PBXGroup;
			children = (
				D68039A62A83ABBB005EF3F5 /* swiftUIMVVMPractice.app */,
				D68039B62A83ABBC005EF3F5 /* swiftUIMVVMPracticeTests.xctest */,
				D68039C02A83ABBC005EF3F5 /* swiftUIMVVMPracticeUITests.xctest */,
			);
			name = Products;
			sourceTree = "<group>";
		};
		D68039A82A83ABBB005EF3F5 /* swiftUIMVVMPractice */ = {
			isa = PBXGroup;
			children = (
				D68039A92A83ABBB005EF3F5 /* swiftUIMVVMPracticeApp.swift */,
				D68039AB2A83ABBB005EF3F5 /* ContentView.swift */,
				D68039AD2A83ABBC005EF3F5 /* Assets.xcassets */,
				D68039AF2A83ABBC005EF3F5 /* Preview Content */,
			);
			path = swiftUIMVVMPractice;
			sourceTree = "<group>";
		};
		D68039AF2A83ABBC005EF3F5 /* Preview Content */ = {
			isa = PBXGroup;
			children = (
				D68039B02A83ABBC005EF3F5 /* Preview Assets.xcassets */,
			);
			path = "Preview Content";
			sourceTree = "<group>";
		};
		D68039B92A83ABBC005EF3F5 /* swiftUIMVVMPracticeTests */ = {
			isa = PBXGroup;
			children = (
				D68039BA2A83ABBC005EF3F5 /* swiftUIMVVMPracticeTests.swift */,
			);
			path = swiftUIMVVMPracticeTests;
			sourceTree = "<group>";
		};
		D68039C32A83ABBC005EF3F5 /* swiftUIMVVMPracticeUITests */ = {
			isa = PBXGroup;
			children = (
				D68039C42A83ABBC005EF3F5 /* swiftUIMVVMPracticeUITests.swift */,
				D68039C62A83ABBC005EF3F5 /* swiftUIMVVMPracticeUITestsLaunchTests.swift */,
			);
			path = swiftUIMVVMPracticeUITests;
			sourceTree = "<group>";
		};
/* End PBXGroup section */

/* Begin PBXNativeTarget section */
		D68039A52A83ABBB005EF3F5 /* swiftUIMVVMPractice */ = {
			isa = PBXNativeTarget;
			buildConfigurationList = D68039CA2A83ABBC005EF3F5 /* Build configuration list for PBXNativeTarget "swiftUIMVVMPractice" */;
			buildPhases = (
				D68039A22A83ABBB005EF3F5 /* Sources */,
				D68039A32A83ABBB005EF3F5 /* Frameworks */,
				D68039A42A83ABBB005EF3F5 /* Resources */,
			);
			buildRules = (
			);
			dependencies = (
			);
			name = swiftUIMVVMPractice;
			productName = swiftUIMVVMPractice;
			productReference = D68039A62A83ABBB005EF3F5 /* swiftUIMVVMPractice.app */;
			productType = "com.apple.product-type.application";
		};
		D68039B52A83ABBC005EF3F5 /* swiftUIMVVMPracticeTests */ = {
			isa = PBXNativeTarget;
			buildConfigurationList = D68039CD2A83ABBC005EF3F5 /* Build configuration list for PBXNativeTarget "swiftUIMVVMPracticeTests" */;
			buildPhases = (
				D68039B22A83ABBC005EF3F5 /* Sources */,
				D68039B32A83ABBC005EF3F5 /* Frameworks */,
				D68039B42A83ABBC005EF3F5 /* Resources */,
			);
			buildRules = (
			);
			dependencies = (
				D68039B82A83ABBC005EF3F5 /* PBXTargetDependency */,
			);
			name = swiftUIMVVMPracticeTests;
			productName = swiftUIMVVMPracticeTests;
			productReference = D68039B62A83ABBC005EF3F5 /* swiftUIMVVMPracticeTests.xctest */;
			productType = "com.apple.product-type.bundle.unit-test";
		};
		D68039BF2A83ABBC005EF3F5 /* swiftUIMVVMPracticeUITests */ = {
			isa = PBXNativeTarget;
			buildConfigurationList = D68039D02A83ABBC005EF3F5 /* Build configuration list for PBXNativeTarget "swiftUIMVVMPracticeUITests" */;
			buildPhases = (
				D68039BC2A83ABBC005EF3F5 /* Sources */,
				D68039BD2A83ABBC005EF3F5 /* Frameworks */,
				D68039BE2A83ABBC005EF3F5 /* Resources */,
			);
			buildRules = (
			);
			dependencies = (
				D68039C22A83ABBC005EF3F5 /* PBXTargetDependency */,
			);
			name = swiftUIMVVMPracticeUITests;
			productName = swiftUIMVVMPracticeUITests;
			productReference = D68039C02A83ABBC005EF3F5 /* swiftUIMVVMPracticeUITests.xctest */;
			productType = "com.apple.product-type.bundle.ui-testing";
		};
/* End PBXNativeTarget section */

/* Begin PBXProject section */
		D680399E2A83ABBB005EF3F5 /* Project object */ = {
			isa = PBXProject;
			attributes = {
				BuildIndependentTargetsInParallel = 1;
				LastSwiftUpdateCheck = 1430;
				LastUpgradeCheck = 1430;
				TargetAttributes = {
					D68039A52A83ABBB005EF3F5 = {
						CreatedOnToolsVersion = 14.3.1;
					};
					D68039B52A83ABBC005EF3F5 = {
						CreatedOnToolsVersion = 14.3.1;
						TestTargetID = D68039A52A83ABBB005EF3F5;
					};
					D68039BF2A83ABBC005EF3F5 = {
						CreatedOnToolsVersion = 14.3.1;
						TestTargetID = D68039A52A83ABBB005EF3F5;
					};
				};
			};
			buildConfigurationList = D68039A12A83ABBB005EF3F5 /* Build configuration list for PBXProject "swiftUIMVVMPractice" */;
			compatibilityVersion = "Xcode 14.0";
			developmentRegion = en;
			hasScannedForEncodings = 0;
			knownRegions = (
				en,
				Base,
			);
			mainGroup = D680399D2A83ABBB005EF3F5;
			productRefGroup = D68039A72A83ABBB005EF3F5 /* Products */;
			projectDirPath = "";
			projectRoot = "";
			targets = (
				D68039A52A83ABBB005EF3F5 /* swiftUIMVVMPractice */,
				D68039B52A83ABBC005EF3F5 /* swiftUIMVVMPracticeTests */,
				D68039BF2A83ABBC005EF3F5 /* swiftUIMVVMPracticeUITests */,
			);
		};
/* End PBXProject section */

/* Begin PBXResourcesBuildPhase section */
		D68039A42A83ABBB005EF3F5 /* Resources */ = {
			isa = PBXResourcesBuildPhase;
			buildActionMask = 2147483647;
			files = (
				D68039B12A83ABBC005EF3F5 /* Preview Assets.xcassets in Resources */,
				D68039AE2A83ABBC005EF3F5 /* Assets.xcassets in Resources */,
			);
			runOnlyForDeploymentPostprocessing = 0;
		};
		D68039B42A83ABBC005EF3F5 /* Resources */ = {
			isa = PBXResourcesBuildPhase;
			buildActionMask = 2147483647;
			files = (
			);
			runOnlyForDeploymentPostprocessing = 0;
		};
		D68039BE2A83ABBC005EF3F5 /* Resources */ = {
			isa = PBXResourcesBuildPhase;
			buildActionMask = 2147483647;
			files = (
			);
			runOnlyForDeploymentPostprocessing = 0;
		};
/* End PBXResourcesBuildPhase section */

/* Begin PBXSourcesBuildPhase section */
		D68039A22A83ABBB005EF3F5 /* Sources */ = {
			isa = PBXSourcesBuildPhase;
			buildActionMask = 2147483647;
			files = (
				D68039AC2A83ABBB005EF3F5 /* ContentView.swift in Sources */,
				D68039AA2A83ABBB005EF3F5 /* swiftUIMVVMPracticeApp.swift in Sources */,
			);
			runOnlyForDeploymentPostprocessing = 0;
		};
		D68039B22A83ABBC005EF3F5 /* Sources */ = {
			isa = PBXSourcesBuildPhase;
			buildActionMask = 2147483647;
			files = (
				D68039BB2A83ABBC005EF3F5 /* swiftUIMVVMPracticeTests.swift in Sources */,
			);
			runOnlyForDeploymentPostprocessing = 0;
		};
		D68039BC2A83ABBC005EF3F5 /* Sources */ = {
			isa = PBXSourcesBuildPhase;
			buildActionMask = 2147483647;
			files = (
				D68039C52A83ABBC005EF3F5 /* swiftUIMVVMPracticeUITests.swift in Sources */,
				D68039C72A83ABBC005EF3F5 /* swiftUIMVVMPracticeUITestsLaunchTests.swift in Sources */,
			);
			runOnlyForDeploymentPostprocessing = 0;
		};
/* End PBXSourcesBuildPhase section */

/* Begin PBXTargetDependency section */
		D68039B82A83ABBC005EF3F5 /* PBXTargetDependency */ = {
			isa = PBXTargetDependency;
			target = D68039A52A83ABBB005EF3F5 /* swiftUIMVVMPractice */;
			targetProxy = D68039B72A83ABBC005EF3F5 /* PBXContainerItemProxy */;
		};
		D68039C22A83ABBC005EF3F5 /* PBXTargetDependency */ = {
			isa = PBXTargetDependency;
			target = D68039A52A83ABBB005EF3F5 /* swiftUIMVVMPractice */;
			targetProxy = D68039C12A83ABBC005EF3F5 /* PBXContainerItemProxy */;
		};
/* End PBXTargetDependency section */

/* Begin XCBuildConfiguration section */
		D68039C82A83ABBC005EF3F5 /* Debug */ = {
			isa = XCBuildConfiguration;
			buildSettings = {
				ALWAYS_SEARCH_USER_PATHS = NO;
				CLANG_ANALYZER_NONNULL = YES;
				CLANG_ANALYZER_NUMBER_OBJECT_CONVERSION = YES_AGGRESSIVE;
				CLANG_CXX_LANGUAGE_STANDARD = "gnu++20";
				CLANG_ENABLE_MODULES = YES;
				CLANG_ENABLE_OBJC_ARC = YES;
				CLANG_ENABLE_OBJC_WEAK = YES;
				CLANG_WARN_BLOCK_CAPTURE_AUTORELEASING = YES;
				CLANG_WARN_BOOL_CONVERSION = YES;
				CLANG_WARN_COMMA = YES;
				CLANG_WARN_CONSTANT_CONVERSION = YES;
				CLANG_WARN_DEPRECATED_OBJC_IMPLEMENTATIONS = YES;
				CLANG_WARN_DIRECT_OBJC_ISA_USAGE = YES_ERROR;
				CLANG_WARN_DOCUMENTATION_COMMENTS = YES;
				CLANG_WARN_EMPTY_BODY = YES;
				CLANG_WARN_ENUM_CONVERSION = YES;
				CLANG_WARN_INFINITE_RECURSION = YES;
				CLANG_WARN_INT_CONVERSION = YES;
				CLANG_WARN_NON_LITERAL_NULL_CONVERSION = YES;
				CLANG_WARN_OBJC_IMPLICIT_RETAIN_SELF = YES;
				CLANG_WARN_OBJC_LITERAL_CONVERSION = YES;
				CLANG_WARN_OBJC_ROOT_CLASS = YES_ERROR;
				CLANG_WARN_QUOTED_INCLUDE_IN_FRAMEWORK_HEADER = YES;
				CLANG_WARN_RANGE_LOOP_ANALYSIS = YES;
				CLANG_WARN_STRICT_PROTOTYPES = YES;
				CLANG_WARN_SUSPICIOUS_MOVE = YES;
				CLANG_WARN_UNGUARDED_AVAILABILITY = YES_AGGRESSIVE;
				CLANG_WARN_UNREACHABLE_CODE = YES;
				CLANG_WARN__DUPLICATE_METHOD_MATCH = YES;
				COPY_PHASE_STRIP = NO;
				DEBUG_INFORMATION_FORMAT = dwarf;
				ENABLE_STRICT_OBJC_MSGSEND = YES;
				ENABLE_TESTABILITY = YES;
				GCC_C_LANGUAGE_STANDARD = gnu11;
				GCC_DYNAMIC_NO_PIC = NO;
				GCC_NO_COMMON_BLOCKS = YES;
				GCC_OPTIMIZATION_LEVEL = 0;
				GCC_PREPROCESSOR_DEFINITIONS = (
					"DEBUG=1",
					"$(inherited)",
				);
				GCC_WARN_64_TO_32_BIT_CONVERSION = YES;
				GCC_WARN_ABOUT_RETURN_TYPE = YES_ERROR;
				GCC_WARN_UNDECLARED_SELECTOR = YES;
				GCC_WARN_UNINITIALIZED_AUTOS = YES_AGGRESSIVE;
				GCC_WARN_UNUSED_FUNCTION = YES;
				GCC_WARN_UNUSED_VARIABLE = YES;
				IPHONEOS_DEPLOYMENT_TARGET = 16.4;
				MTL_ENABLE_DEBUG_INFO = INCLUDE_SOURCE;
				MTL_FAST_MATH = YES;
				ONLY_ACTIVE_ARCH = YES;
				SDKROOT = iphoneos;
				SWIFT_ACTIVE_COMPILATION_CONDITIONS = DEBUG;
				SWIFT_OPTIMIZATION_LEVEL = "-Onone";
			};
			name = Debug;
		};
		D68039C92A83ABBC005EF3F5 /* Release */ = {
			isa = XCBuildConfiguration;
			buildSettings = {
				ALWAYS_SEARCH_USER_PATHS = NO;
				CLANG_ANALYZER_NONNULL = YES;
				CLANG_ANALYZER_NUMBER_OBJECT_CONVERSION = YES_AGGRESSIVE;
				CLANG_CXX_LANGUAGE_STANDARD = "gnu++20";
				CLANG_ENABLE_MODULES = YES;
				CLANG_ENABLE_OBJC_ARC = YES;
				CLANG_ENABLE_OBJC_WEAK = YES;
				CLANG_WARN_BLOCK_CAPTURE_AUTORELEASING = YES;
				CLANG_WARN_BOOL_CONVERSION = YES;
				CLANG_WARN_COMMA = YES;
				CLANG_WARN_CONSTANT_CONVERSION = YES;
				CLANG_WARN_DEPRECATED_OBJC_IMPLEMENTATIONS = YES;
				CLANG_WARN_DIRECT_OBJC_ISA_USAGE = YES_ERROR;
				CLANG_WARN_DOCUMENTATION_COMMENTS = YES;
				CLANG_WARN_EMPTY_BODY = YES;
				CLANG_WARN_ENUM_CONVERSION = YES;
				CLANG_WARN_INFINITE_RECURSION = YES;
				CLANG_WARN_INT_CONVERSION = YES;
				CLANG_WARN_NON_LITERAL_NULL_CONVERSION = YES;
				CLANG_WARN_OBJC_IMPLICIT_RETAIN_SELF = YES;
				CLANG_WARN_OBJC_LITERAL_CONVERSION = YES;
				CLANG_WARN_OBJC_ROOT_CLASS = YES_ERROR;
				CLANG_WARN_QUOTED_INCLUDE_IN_FRAMEWORK_HEADER = YES;
				CLANG_WARN_RANGE_LOOP_ANALYSIS = YES;
				CLANG_WARN_STRICT_PROTOTYPES = YES;
				CLANG_WARN_SUSPICIOUS_MOVE = YES;
				CLANG_WARN_UNGUARDED_AVAILABILITY = YES_AGGRESSIVE;
				CLANG_WARN_UNREACHABLE_CODE = YES;
				CLANG_WARN__DUPLICATE_METHOD_MATCH = YES;
				COPY_PHASE_STRIP = NO;
				DEBUG_INFORMATION_FORMAT = "dwarf-with-dsym";
				ENABLE_NS_ASSERTIONS = NO;
				ENABLE_STRICT_OBJC_MSGSEND = YES;
				GCC_C_LANGUAGE_STANDARD = gnu11;
				GCC_NO_COMMON_BLOCKS = YES;
				GCC_WARN_64_TO_32_BIT_CONVERSION = YES;
				GCC_WARN_ABOUT_RETURN_TYPE = YES_ERROR;
				GCC_WARN_UNDECLARED_SELECTOR = YES;
				GCC_WARN_UNINITIALIZED_AUTOS = YES_AGGRESSIVE;
				GCC_WARN_UNUSED_FUNCTION = YES;
				GCC_WARN_UNUSED_VARIABLE = YES;
				IPHONEOS_DEPLOYMENT_TARGET = 16.4;
				MTL_ENABLE_DEBUG_INFO = NO;
				MTL_FAST_MATH = YES;
				SDKROOT = iphoneos;
				SWIFT_COMPILATION_MODE = wholemodule;
				SWIFT_OPTIMIZATION_LEVEL = "-O";
				VALIDATE_PRODUCT = YES;
			};
			name = Release;
		};
		D68039CB2A83ABBC005EF3F5 /* Debug */ = {
			isa = XCBuildConfiguration;
			buildSettings = {
				ASSETCATALOG_COMPILER_APPICON_NAME = AppIcon;
				ASSETCATALOG_COMPILER_GLOBAL_ACCENT_COLOR_NAME = AccentColor;
				CODE_SIGN_STYLE = Automatic;
				CURRENT_PROJECT_VERSION = 1;
				DEVELOPMENT_ASSET_PATHS = "\"swiftUIMVVMPractice/Preview Content\"";
				DEVELOPMENT_TEAM = 2YJXRFH75A;
				ENABLE_PREVIEWS = YES;
				GENERATE_INFOPLIST_FILE = YES;
				INFOPLIST_KEY_UIApplicationSceneManifest_Generation = YES;
				INFOPLIST_KEY_UIApplicationSupportsIndirectInputEvents = YES;
				INFOPLIST_KEY_UILaunchScreen_Generation = YES;
				INFOPLIST_KEY_UISupportedInterfaceOrientations_iPad = "UIInterfaceOrientationPortrait UIInterfaceOrientationPortraitUpsideDown UIInterfaceOrientationLandscapeLeft UIInterfaceOrientationLandscapeRight";
				INFOPLIST_KEY_UISupportedInterfaceOrientations_iPhone = "UIInterfaceOrientationPortrait UIInterfaceOrientationLandscapeLeft UIInterfaceOrientationLandscapeRight";
				LD_RUNPATH_SEARCH_PATHS = (
					"$(inherited)",
					"@executable_path/Frameworks",
				);
				MARKETING_VERSION = 1.0;
				PRODUCT_BUNDLE_IDENTIFIER = com.sunny.swiftUIMVVMPractice;
				PRODUCT_NAME = "$(TARGET_NAME)";
				SWIFT_EMIT_LOC_STRINGS = YES;
				SWIFT_VERSION = 5.0;
				TARGETED_DEVICE_FAMILY = "1,2";
			};
			name = Debug;
		};
		D68039CC2A83ABBC005EF3F5 /* Release */ = {
			isa = XCBuildConfiguration;
			buildSettings = {
				ASSETCATALOG_COMPILER_APPICON_NAME = AppIcon;
				ASSETCATALOG_COMPILER_GLOBAL_ACCENT_COLOR_NAME = AccentColor;
				CODE_SIGN_STYLE = Automatic;
				CURRENT_PROJECT_VERSION = 1;
				DEVELOPMENT_ASSET_PATHS = "\"swiftUIMVVMPractice/Preview Content\"";
				DEVELOPMENT_TEAM = 2YJXRFH75A;
				ENABLE_PREVIEWS = YES;
				GENERATE_INFOPLIST_FILE = YES;
				INFOPLIST_KEY_UIApplicationSceneManifest_Generation = YES;
				INFOPLIST_KEY_UIApplicationSupportsIndirectInputEvents = YES;
				INFOPLIST_KEY_UILaunchScreen_Generation = YES;
				INFOPLIST_KEY_UISupportedInterfaceOrientations_iPad = "UIInterfaceOrientationPortrait UIInterfaceOrientationPortraitUpsideDown UIInterfaceOrientationLandscapeLeft UIInterfaceOrientationLandscapeRight";
				INFOPLIST_KEY_UISupportedInterfaceOrientations_iPhone = "UIInterfaceOrientationPortrait UIInterfaceOrientationLandscapeLeft UIInterfaceOrientationLandscapeRight";
				LD_RUNPATH_SEARCH_PATHS = (
					"$(inherited)",
					"@executable_path/Frameworks",
				);
				MARKETING_VERSION = 1.0;
				PRODUCT_BUNDLE_IDENTIFIER = com.sunny.swiftUIMVVMPractice;
				PRODUCT_NAME = "$(TARGET_NAME)";
				SWIFT_EMIT_LOC_STRINGS = YES;
				SWIFT_VERSION = 5.0;
				TARGETED_DEVICE_FAMILY = "1,2";
			};
			name = Release;
		};
		D68039CE2A83ABBC005EF3F5 /* Debug */ = {
			isa = XCBuildConfiguration;
			buildSettings = {
				ALWAYS_EMBED_SWIFT_STANDARD_LIBRARIES = YES;
				BUNDLE_LOADER = "$(TEST_HOST)";
				CODE_SIGN_STYLE = Automatic;
				CURRENT_PROJECT_VERSION = 1;
				DEVELOPMENT_TEAM = 2YJXRFH75A;
				GENERATE_INFOPLIST_FILE = YES;
				IPHONEOS_DEPLOYMENT_TARGET = 16.4;
				MARKETING_VERSION = 1.0;
				PRODUCT_BUNDLE_IDENTIFIER = com.sunny.swiftUIMVVMPracticeTests;
				PRODUCT_NAME = "$(TARGET_NAME)";
				SWIFT_EMIT_LOC_STRINGS = NO;
				SWIFT_VERSION = 5.0;
				TARGETED_DEVICE_FAMILY = "1,2";
				TEST_HOST = "$(BUILT_PRODUCTS_DIR)/swiftUIMVVMPractice.app/$(BUNDLE_EXECUTABLE_FOLDER_PATH)/swiftUIMVVMPractice";
			};
			name = Debug;
		};
		D68039CF2A83ABBC005EF3F5 /* Release */ = {
			isa = XCBuildConfiguration;
			buildSettings = {
				ALWAYS_EMBED_SWIFT_STANDARD_LIBRARIES = YES;
				BUNDLE_LOADER = "$(TEST_HOST)";
				CODE_SIGN_STYLE = Automatic;
				CURRENT_PROJECT_VERSION = 1;
				DEVELOPMENT_TEAM = 2YJXRFH75A;
				GENERATE_INFOPLIST_FILE = YES;
				IPHONEOS_DEPLOYMENT_TARGET = 16.4;
				MARKETING_VERSION = 1.0;
				PRODUCT_BUNDLE_IDENTIFIER = com.sunny.swiftUIMVVMPracticeTests;
				PRODUCT_NAME = "$(TARGET_NAME)";
				SWIFT_EMIT_LOC_STRINGS = NO;
				SWIFT_VERSION = 5.0;
				TARGETED_DEVICE_FAMILY = "1,2";
				TEST_HOST = "$(BUILT_PRODUCTS_DIR)/swiftUIMVVMPractice.app/$(BUNDLE_EXECUTABLE_FOLDER_PATH)/swiftUIMVVMPractice";
			};
			name = Release;
		};
		D68039D12A83ABBC005EF3F5 /* Debug */ = {
			isa = XCBuildConfiguration;
			buildSettings = {
				ALWAYS_EMBED_SWIFT_STANDARD_LIBRARIES = YES;
				CODE_SIGN_STYLE = Automatic;
				CURRENT_PROJECT_VERSION = 1;
				DEVELOPMENT_TEAM = 2YJXRFH75A;
				GENERATE_INFOPLIST_FILE = YES;
				MARKETING_VERSION = 1.0;
				PRODUCT_BUNDLE_IDENTIFIER = com.sunny.swiftUIMVVMPracticeUITests;
				PRODUCT_NAME = "$(TARGET_NAME)";
				SWIFT_EMIT_LOC_STRINGS = NO;
				SWIFT_VERSION = 5.0;
				TARGETED_DEVICE_FAMILY = "1,2";
				TEST_TARGET_NAME = swiftUIMVVMPractice;
			};
			name = Debug;
		};
		D68039D22A83ABBC005EF3F5 /* Release */ = {
			isa = XCBuildConfiguration;
			buildSettings = {
				ALWAYS_EMBED_SWIFT_STANDARD_LIBRARIES = YES;
				CODE_SIGN_STYLE = Automatic;
				CURRENT_PROJECT_VERSION = 1;
				DEVELOPMENT_TEAM = 2YJXRFH75A;
				GENERATE_INFOPLIST_FILE = YES;
				MARKETING_VERSION = 1.0;
				PRODUCT_BUNDLE_IDENTIFIER = com.sunny.swiftUIMVVMPracticeUITests;
				PRODUCT_NAME = "$(TARGET_NAME)";
				SWIFT_EMIT_LOC_STRINGS = NO;
				SWIFT_VERSION = 5.0;
				TARGETED_DEVICE_FAMILY = "1,2";
				TEST_TARGET_NAME = swiftUIMVVMPractice;
			};
			name = Release;
		};
/* End XCBuildConfiguration section */

/* Begin XCConfigurationList section */
		D68039A12A83ABBB005EF3F5 /* Build configuration list for PBXProject "swiftUIMVVMPractice" */ = {
			isa = XCConfigurationList;
			buildConfigurations = (
				D68039C82A83ABBC005EF3F5 /* Debug */,
				D68039C92A83ABBC005EF3F5 /* Release */,
			);
			defaultConfigurationIsVisible = 0;
			defaultConfigurationName = Release;
		};
		D68039CA2A83ABBC005EF3F5 /* Build configuration list for PBXNativeTarget "swiftUIMVVMPractice" */ = {
			isa = XCConfigurationList;
			buildConfigurations = (
				D68039CB2A83ABBC005EF3F5 /* Debug */,
				D68039CC2A83ABBC005EF3F5 /* Release */,
			);
			defaultConfigurationIsVisible = 0;
			defaultConfigurationName = Release;
		};
		D68039CD2A83ABBC005EF3F5 /* Build configuration list for PBXNativeTarget "swiftUIMVVMPracticeTests" */ = {
			isa = XCConfigurationList;
			buildConfigurations = (
				D68039CE2A83ABBC005EF3F5 /* Debug */,
				D68039CF2A83ABBC005EF3F5 /* Release */,
			);
			defaultConfigurationIsVisible = 0;
			defaultConfigurationName = Release;
		};
		D68039D02A83ABBC005EF3F5 /* Build configuration list for PBXNativeTarget "swiftUIMVVMPracticeUITests" */ = {
			isa = XCConfigurationList;
			buildConfigurations = (
				D68039D12A83ABBC005EF3F5 /* Debug */,
				D68039D22A83ABBC005EF3F5 /* Release */,
			);
			defaultConfigurationIsVisible = 0;
			defaultConfigurationName = Release;
		};
/* End XCConfigurationList section */
	};
	rootObject = D680399E2A83ABBB005EF3F5 /* Project object */;
}
